
Microsoft Visual Studio Solution File, Format Version 12.00
# Visual Studio 15
VisualStudioVersion = 15.0.27004.2008
MinimumVisualStudioVersion = 10.0.40219.1
Project("{FAE04EC0-301F-11D3-BF4B-00C04F79EFBC}") = "MyHearthStoneV2.HearthStoneWeb", "MyHearthStoneV2.HearthStoneWeb\MyHearthStoneV2.HearthStoneWeb.csproj", "{82C9E741-CB6A-42DF-890A-4F43FA76C8F3}"
EndProject
Project("{FAE04EC0-301F-11D3-BF4B-00C04F79EFBC}") = "MyHearthStoneV2.Game", "MyHearthStoneV2.Game\MyHearthStoneV2.Game.csproj", "{8811F35D-3DFD-43C3-B8DE-ECCCC54B3602}"
EndProject
Project("{FAE04EC0-301F-11D3-BF4B-00C04F79EFBC}") = "MyHearthStoneV2.DAL", "MyHearthStoneV2.DAL\MyHearthStoneV2.DAL.csproj", "{80486935-FD89-47A1-87BE-5E079FCD40B4}"
EndProject
Project("{FAE04EC0-301F-11D3-BF4B-00C04F79EFBC}") = "MyHearthStoneV2.Common", "MyHearthStoneV2.Common\MyHearthStoneV2.Common.csproj", "{E5DCD04C-6945-4E1F-B5F8-AA9E7A2BBB99}"
EndProject
Project("{FAE04EC0-301F-11D3-BF4B-00C04F79EFBC}") = "MyHearthStoneV2.TestConsole", "MyHearthStoneV2.TestConsole\MyHearthStoneV2.TestConsole.csproj", "{7047871D-A6FC-4008-8104-33EF8B69B4E9}"
EndProject
Project("{FAE04EC0-301F-11D3-BF4B-00C04F79EFBC}") = "MyHearthStoneV2.Libs", "MyHearthStoneV2.Libs\MyHearthStoneV2.Libs.csproj", "{16F91C0D-0E48-477C-BB85-8AC85CB2C840}"
EndProject
Project("{FAE04EC0-301F-11D3-BF4B-00C04F79EFBC}") = "MyHearthStoneV2.Model", "MyHearthStoneV2.Model\MyHearthStoneV2.Model.csproj", "{E20A5218-63CA-4C40-BF0E-2835B7E4260D}"
EndProject
Project("{FAE04EC0-301F-11D3-BF4B-00C04F79EFBC}") = "MyHearthStoneV2.BLL", "MyHearthStoneV2.BLL\MyHearthStoneV2.BLL.csproj", "{F69A8AEB-AB89-4F87-B2FD-AF68D009E42E}"
EndProject
Project("{FAE04EC0-301F-11D3-BF4B-00C04F79EFBC}") = "MyHearthStoneV2.API", "MyHearthStoneV2.API\MyHearthStoneV2.API.csproj", "{07B14CE3-9D45-4B7E-AC89-2F20DD60706E}"
EndProject
Project("{FAE04EC0-301F-11D3-BF4B-00C04F79EFBC}") = "MyHearthStoneV2.Redis", "MyHearthStoneV2.Redis\MyHearthStoneV2.Redis.csproj", "{1AA98BBB-2C51-466F-A3CF-5327A0A47EF2}"
EndProject
Project("{FAE04EC0-301F-11D3-BF4B-00C04F79EFBC}") = "MyHearthStoneV2.VerificationCode", "MyHearthStoneV2.VerificationCode\MyHearthStoneV2.VerificationCode.csproj", "{9E74036F-4F48-4059-B6F8-640DD7191B40}"
EndProject
Project("{FAE04EC0-301F-11D3-BF4B-00C04F79EFBC}") = "MyHearthStoneV2.ShortCodeService", "MyHearthStoneV2.ShortCodeService\MyHearthStoneV2.ShortCodeService.csproj", "{A8BF46BB-B5BE-4311-8027-D158443D077A}"
EndProject
Project("{FAE04EC0-301F-11D3-BF4B-00C04F79EFBC}") = "MyHearthStoneV2.ShortCodeBll", "MyHearthStoneV2.ShortCodeBll\MyHearthStoneV2.ShortCodeBll.csproj", "{D9336DC1-E780-48AD-B220-71336BBF23F7}"
EndProject
Project("{FAE04EC0-301F-11D3-BF4B-00C04F79EFBC}") = "MyHearthStoneV2.Log", "MyHearthStoneV2.Log\MyHearthStoneV2.Log.csproj", "{5195F93D-8FF6-48C3-8E0B-4D04A50AE024}"
EndProject
Project("{FAE04EC0-301F-11D3-BF4B-00C04F79EFBC}") = "MyHearthStoneV2.DesktopApp", "MyHearthStoneV2.DesktopApp\MyHearthStoneV2.DesktopApp.csproj", "{7ED03379-11E1-474A-B286-8A90320413C5}"
EndProject
Global
	GlobalSection(SolutionConfigurationPlatforms) = preSolution
		Debug|Any CPU = Debug|Any CPU
		Release|Any CPU = Release|Any CPU
	EndGlobalSection
	GlobalSection(ProjectConfigurationPlatforms) = postSolution
		{82C9E741-CB6A-42DF-890A-4F43FA76C8F3}.Debug|Any CPU.ActiveCfg = Debug|Any CPU
		{82C9E741-CB6A-42DF-890A-4F43FA76C8F3}.Debug|Any CPU.Build.0 = Debug|Any CPU
		{82C9E741-CB6A-42DF-890A-4F43FA76C8F3}.Release|Any CPU.ActiveCfg = Release|Any CPU
		{82C9E741-CB6A-42DF-890A-4F43FA76C8F3}.Release|Any CPU.Build.0 = Release|Any CPU
		{8811F35D-3DFD-43C3-B8DE-ECCCC54B3602}.Debug|Any CPU.ActiveCfg = Debug|Any CPU
		{8811F35D-3DFD-43C3-B8DE-ECCCC54B3602}.Debug|Any CPU.Build.0 = Debug|Any CPU
		{8811F35D-3DFD-43C3-B8DE-ECCCC54B3602}.Release|Any CPU.ActiveCfg = Release|Any CPU
		{8811F35D-3DFD-43C3-B8DE-ECCCC54B3602}.Release|Any CPU.Build.0 = Release|Any CPU
		{80486935-FD89-47A1-87BE-5E079FCD40B4}.Debug|Any CPU.ActiveCfg = Debug|Any CPU
		{80486935-FD89-47A1-87BE-5E079FCD40B4}.Debug|Any CPU.Build.0 = Debug|Any CPU
		{80486935-FD89-47A1-87BE-5E079FCD40B4}.Release|Any CPU.ActiveCfg = Release|Any CPU
		{80486935-FD89-47A1-87BE-5E079FCD40B4}.Release|Any CPU.Build.0 = Release|Any CPU
		{E5DCD04C-6945-4E1F-B5F8-AA9E7A2BBB99}.Debug|Any CPU.ActiveCfg = Debug|Any CPU
		{E5DCD04C-6945-4E1F-B5F8-AA9E7A2BBB99}.Debug|Any CPU.Build.0 = Debug|Any CPU
		{E5DCD04C-6945-4E1F-B5F8-AA9E7A2BBB99}.Release|Any CPU.ActiveCfg = Release|Any CPU
		{E5DCD04C-6945-4E1F-B5F8-AA9E7A2BBB99}.Release|Any CPU.Build.0 = Release|Any CPU
		{7047871D-A6FC-4008-8104-33EF8B69B4E9}.Debug|Any CPU.ActiveCfg = Debug|Any CPU
		{7047871D-A6FC-4008-8104-33EF8B69B4E9}.Debug|Any CPU.Build.0 = Debug|Any CPU
		{7047871D-A6FC-4008-8104-33EF8B69B4E9}.Release|Any CPU.ActiveCfg = Release|Any CPU
		{7047871D-A6FC-4008-8104-33EF8B69B4E9}.Release|Any CPU.Build.0 = Release|Any CPU
		{16F91C0D-0E48-477C-BB85-8AC85CB2C840}.Debug|Any CPU.ActiveCfg = Debug|Any CPU
		{16F91C0D-0E48-477C-BB85-8AC85CB2C840}.Debug|Any CPU.Build.0 = Debug|Any CPU
		{16F91C0D-0E48-477C-BB85-8AC85CB2C840}.Release|Any CPU.ActiveCfg = Release|Any CPU
		{16F91C0D-0E48-477C-BB85-8AC85CB2C840}.Release|Any CPU.Build.0 = Release|Any CPU
		{E20A5218-63CA-4C40-BF0E-2835B7E4260D}.Debug|Any CPU.ActiveCfg = Debug|Any CPU
		{E20A5218-63CA-4C40-BF0E-2835B7E4260D}.Debug|Any CPU.Build.0 = Debug|Any CPU
		{E20A5218-63CA-4C40-BF0E-2835B7E4260D}.Release|Any CPU.ActiveCfg = Release|Any CPU
		{E20A5218-63CA-4C40-BF0E-2835B7E4260D}.Release|Any CPU.Build.0 = Release|Any CPU
		{F69A8AEB-AB89-4F87-B2FD-AF68D009E42E}.Debug|Any CPU.ActiveCfg = Debug|Any CPU
		{F69A8AEB-AB89-4F87-B2FD-AF68D009E42E}.Debug|Any CPU.Build.0 = Debug|Any CPU
		{F69A8AEB-AB89-4F87-B2FD-AF68D009E42E}.Release|Any CPU.ActiveCfg = Release|Any CPU
		{F69A8AEB-AB89-4F87-B2FD-AF68D009E42E}.Release|Any CPU.Build.0 = Release|Any CPU
		{07B14CE3-9D45-4B7E-AC89-2F20DD60706E}.Debug|Any CPU.ActiveCfg = Debug|Any CPU
		{07B14CE3-9D45-4B7E-AC89-2F20DD60706E}.Debug|Any CPU.Build.0 = Debug|Any CPU
		{07B14CE3-9D45-4B7E-AC89-2F20DD60706E}.Release|Any CPU.ActiveCfg = Release|Any CPU
		{07B14CE3-9D45-4B7E-AC89-2F20DD60706E}.Release|Any CPU.Build.0 = Release|Any CPU
		{1AA98BBB-2C51-466F-A3CF-5327A0A47EF2}.Debug|Any CPU.ActiveCfg = Debug|Any CPU
		{1AA98BBB-2C51-466F-A3CF-5327A0A47EF2}.Debug|Any CPU.Build.0 = Debug|Any CPU
		{1AA98BBB-2C51-466F-A3CF-5327A0A47EF2}.Release|Any CPU.ActiveCfg = Release|Any CPU
		{1AA98BBB-2C51-466F-A3CF-5327A0A47EF2}.Release|Any CPU.Build.0 = Release|Any CPU
		{9E74036F-4F48-4059-B6F8-640DD7191B40}.Debug|Any CPU.ActiveCfg = Debug|Any CPU
		{9E74036F-4F48-4059-B6F8-640DD7191B40}.Debug|Any CPU.Build.0 = Debug|Any CPU
		{9E74036F-4F48-4059-B6F8-640DD7191B40}.Release|Any CPU.ActiveCfg = Release|Any CPU
		{9E74036F-4F48-4059-B6F8-640DD7191B40}.Release|Any CPU.Build.0 = Release|Any CPU
		{A8BF46BB-B5BE-4311-8027-D158443D077A}.Debug|Any CPU.ActiveCfg = Debug|Any CPU
		{A8BF46BB-B5BE-4311-8027-D158443D077A}.Debug|Any CPU.Build.0 = Debug|Any CPU
		{A8BF46BB-B5BE-4311-8027-D158443D077A}.Release|Any CPU.ActiveCfg = Release|Any CPU
		{A8BF46BB-B5BE-4311-8027-D158443D077A}.Release|Any CPU.Build.0 = Release|Any CPU
		{D9336DC1-E780-48AD-B220-71336BBF23F7}.Debug|Any CPU.ActiveCfg = Debug|Any CPU
		{D9336DC1-E780-48AD-B220-71336BBF23F7}.Debug|Any CPU.Build.0 = Debug|Any CPU
		{D9336DC1-E780-48AD-B220-71336BBF23F7}.Release|Any CPU.ActiveCfg = Release|Any CPU
		{D9336DC1-E780-48AD-B220-71336BBF23F7}.Release|Any CPU.Build.0 = Release|Any CPU
		{5195F93D-8FF6-48C3-8E0B-4D04A50AE024}.Debug|Any CPU.ActiveCfg = Debug|Any CPU
		{5195F93D-8FF6-48C3-8E0B-4D04A50AE024}.Debug|Any CPU.Build.0 = Debug|Any CPU
		{5195F93D-8FF6-48C3-8E0B-4D04A50AE024}.Release|Any CPU.ActiveCfg = Release|Any CPU
		{5195F93D-8FF6-48C3-8E0B-4D04A50AE024}.Release|Any CPU.Build.0 = Release|Any CPU
		{7ED03379-11E1-474A-B286-8A90320413C5}.Debug|Any CPU.ActiveCfg = Debug|Any CPU
		{7ED03379-11E1-474A-B286-8A90320413C5}.Debug|Any CPU.Build.0 = Debug|Any CPU
		{7ED03379-11E1-474A-B286-8A90320413C5}.Release|Any CPU.ActiveCfg = Release|Any CPU
		{7ED03379-11E1-474A-B286-8A90320413C5}.Release|Any CPU.Build.0 = Release|Any CPU
	EndGlobalSection
	GlobalSection(SolutionProperties) = preSolution
		HideSolutionNode = FALSE
	EndGlobalSection
	GlobalSection(ExtensibilityGlobals) = postSolution
		SolutionGuid = {F9B999A0-A806-49AE-95B7-0A3A1044BA2A}
	EndGlobalSection
EndGlobal
